<?xml version="1.0" encoding="UTF-8" standalone="yes" ?>
<CodeBlocks_project_file>
	<FileVersion major="1" minor="6" />
	<Project>
		<Option title="LODProject" />
		<Option pch_mode="2" />
		<Option compiler="ties471" />
		<Build>
			<Target title="Debug">
				<Option output="bin/Debug/LODProject" prefix_auto="1" extension_auto="1" />
				<Option object_output="obj/Debug/" />
				<Option type="1" />
				<Option compiler="ties471" />
				<Compiler>
					<Add option="-g" />
					<Add directory="src" />
				</Compiler>
			</Target>
			<Target title="Release">
				<Option output="bin/Release/LODProject" prefix_auto="1" extension_auto="1" />
				<Option object_output="obj/Release/" />
				<Option type="1" />
				<Option compiler="ties471" />
				<Compiler>
					<Add option="-O2" />
					<Add directory="src" />
				</Compiler>
				<Linker>
					<Add option="-s" />
				</Linker>
			</Target>
		</Build>
		<Compiler>
			<Add option="-Wall" />
			<Add option="-std=c++11" />
			<Add directory="libs/include" />
		</Compiler>
		<Linker>
			<Add option="-lmingw32" />
			<Add option="-lSOIL" />
			<Add option="-lopengl32" />
			<Add option="-lglew32" />
			<Add option="-lSDL2main" />
			<Add option="-lSDL2" />
			<Add directory="libs/lib" />
		</Linker>
		<Unit filename="src/Buffer.cpp" />
		<Unit filename="src/Buffer.h" />
		<Unit filename="src/Camera.cpp" />
		<Unit filename="src/Camera.h" />
		<Unit filename="src/ShaderManager.cpp" />
		<Unit filename="src/ShaderManager.h" />
		<Unit filename="src/TextureManager.cpp" />
		<Unit filename="src/TextureManager.h" />
		<Unit filename="src/command.cpp" />
		<Unit filename="src/command.h" />
		<Unit filename="src/global.cpp" />
		<Unit filename="src/global.h" />
		<Unit filename="src/indexbuffer.cpp" />
		<Unit filename="src/indexbuffer.h" />
		<Unit filename="src/log.cpp" />
		<Unit filename="src/log.h" />
		<Unit filename="src/main.cpp" />
		<Unit filename="src/mainapplication.cpp" />
		<Unit filename="src/mainapplication.h" />
		<Unit filename="src/materialmanager.cpp" />
		<Unit filename="src/materialmanager.h" />
		<Unit filename="src/misc.cpp" />
		<Unit filename="src/misc.h" />
		<Unit filename="src/model.cpp" />
		<Unit filename="src/model.h" />
		<Unit filename="src/modelparser.cpp" />
		<Unit filename="src/modelparser.h" />
		<Unit filename="src/program.cpp" />
		<Unit filename="src/program.h" />
		<Unit filename="src/renderer.cpp" />
		<Unit filename="src/renderer.h" />
		<Unit filename="src/shader.cpp" />
		<Unit filename="src/shader.h" />
		<Unit filename="src/texture.cpp" />
		<Unit filename="src/texture.h" />
		<Unit filename="src/texturecontrol.cpp" />
		<Unit filename="src/texturecontrol.h" />
		<Unit filename="src/uniformbuffer.cpp" />
		<Unit filename="src/uniformbuffer.h" />
		<Unit filename="src/vao.cpp" />
		<Unit filename="src/vao.h" />
		<Unit filename="src/vertexbuffer.cpp" />
		<Unit filename="src/vertexbuffer.h" />
		<Unit filename="src/window.cpp" />
		<Unit filename="src/window.h" />
		<Extensions>
			<code_completion />
			<envvars />
			<debugger />
			<lib_finder disable_auto="1" />
		</Extensions>
	</Project>
</CodeBlocks_project_file>
